// !$*UTF8*$!
{
	archiveVersion = 1;
	classes = {
	};
	objectVersion = 46;
	objects = {

/* Begin PBXBuildFile section */
		EF5999D81B634FA1004C9DEF /* main.m in Sources */ = {isa = PBXBuildFile; fileRef = EF5999D71B634FA1004C9DEF /* main.m */; };
		EF5999E31B634FA1004C9DEF /* Images.xcassets in Resources */ = {isa = PBXBuildFile; fileRef = EF5999E21B634FA1004C9DEF /* Images.xcassets */; };
		EF5999E61B634FA1004C9DEF /* LaunchScreen.xib in Resources */ = {isa = PBXBuildFile; fileRef = EF5999E41B634FA1004C9DEF /* LaunchScreen.xib */; };
		EF599A061B635009004C9DEF /* AppDelegate.m in Sources */ = {isa = PBXBuildFile; fileRef = EF5999FF1B635009004C9DEF /* AppDelegate.m */; };
		EF599A071B635009004C9DEF /* BootLogic.m in Sources */ = {isa = PBXBuildFile; fileRef = EF599A011B635009004C9DEF /* BootLogic.m */; };
		EF599A081B635009004C9DEF /* ConsoleScreen.m in Sources */ = {isa = PBXBuildFile; fileRef = EF599A031B635009004C9DEF /* ConsoleScreen.m */; };
		EF599A091B635009004C9DEF /* MainScreen.m in Sources */ = {isa = PBXBuildFile; fileRef = EF599A051B635009004C9DEF /* MainScreen.m */; };
		EF599A811B636245004C9DEF /* BasicA.m in Sources */ = {isa = PBXBuildFile; fileRef = EF599A801B636245004C9DEF /* BasicA.m */; };
		EFF0CD491B63B7D4005FB18C /* demoSelector.m in Sources */ = {isa = PBXBuildFile; fileRef = EFF0CD471B63B7D4005FB18C /* demoSelector.m */; };
		EFF0CD4A1B63B7D4005FB18C /* demoSelector.xib in Resources */ = {isa = PBXBuildFile; fileRef = EFF0CD481B63B7D4005FB18C /* demoSelector.xib */; };
/* End PBXBuildFile section */

/* Begin PBXFileReference section */
		EF5999D21B634FA1004C9DEF /* ObjectiveC.app */ = {isa = PBXFileReference; explicitFileType = wrapper.application; includeInIndex = 0; path = ObjectiveC.app; sourceTree = BUILT_PRODUCTS_DIR; };
		EF5999D61B634FA1004C9DEF /* Info.plist */ = {isa = PBXFileReference; lastKnownFileType = text.plist.xml; path = Info.plist; sourceTree = "<group>"; };
		EF5999D71B634FA1004C9DEF /* main.m */ = {isa = PBXFileReference; lastKnownFileType = sourcecode.c.objc; path = main.m; sourceTree = "<group>"; };
		EF5999E21B634FA1004C9DEF /* Images.xcassets */ = {isa = PBXFileReference; lastKnownFileType = folder.assetcatalog; path = Images.xcassets; sourceTree = "<group>"; };
		EF5999E51B634FA1004C9DEF /* Base */ = {isa = PBXFileReference; lastKnownFileType = file.xib; name = Base; path = Base.lproj/LaunchScreen.xib; sourceTree = "<group>"; };
		EF5999FE1B635009004C9DEF /* AppDelegate.h */ = {isa = PBXFileReference; fileEncoding = 4; lastKnownFileType = sourcecode.c.h; path = AppDelegate.h; sourceTree = "<group>"; };
		EF5999FF1B635009004C9DEF /* AppDelegate.m */ = {isa = PBXFileReference; fileEncoding = 4; lastKnownFileType = sourcecode.c.objc; path = AppDelegate.m; sourceTree = "<group>"; };
		EF599A001B635009004C9DEF /* BootLogic.h */ = {isa = PBXFileReference; fileEncoding = 4; lastKnownFileType = sourcecode.c.h; path = BootLogic.h; sourceTree = "<group>"; };
		EF599A011B635009004C9DEF /* BootLogic.m */ = {isa = PBXFileReference; fileEncoding = 4; lastKnownFileType = sourcecode.c.objc; path = BootLogic.m; sourceTree = "<group>"; };
		EF599A021B635009004C9DEF /* ConsoleScreen.h */ = {isa = PBXFileReference; fileEncoding = 4; lastKnownFileType = sourcecode.c.h; path = ConsoleScreen.h; sourceTree = "<group>"; };
		EF599A031B635009004C9DEF /* ConsoleScreen.m */ = {isa = PBXFileReference; fileEncoding = 4; lastKnownFileType = sourcecode.c.objc; path = ConsoleScreen.m; sourceTree = "<group>"; };
		EF599A041B635009004C9DEF /* MainScreen.h */ = {isa = PBXFileReference; fileEncoding = 4; lastKnownFileType = sourcecode.c.h; path = MainScreen.h; sourceTree = "<group>"; };
		EF599A051B635009004C9DEF /* MainScreen.m */ = {isa = PBXFileReference; fileEncoding = 4; lastKnownFileType = sourcecode.c.objc; path = MainScreen.m; sourceTree = "<group>"; };
		EF599A7F1B636245004C9DEF /* BasicA.h */ = {isa = PBXFileReference; fileEncoding = 4; lastKnownFileType = sourcecode.c.h; path = BasicA.h; sourceTree = "<group>"; };
		EF599A801B636245004C9DEF /* BasicA.m */ = {isa = PBXFileReference; fileEncoding = 4; lastKnownFileType = sourcecode.c.objc; path = BasicA.m; sourceTree = "<group>"; };
		EFF0CD461B63B7D4005FB18C /* demoSelector.h */ = {isa = PBXFileReference; fileEncoding = 4; lastKnownFileType = sourcecode.c.h; path = demoSelector.h; sourceTree = "<group>"; };
		EFF0CD471B63B7D4005FB18C /* demoSelector.m */ = {isa = PBXFileReference; fileEncoding = 4; lastKnownFileType = sourcecode.c.objc; path = demoSelector.m; sourceTree = "<group>"; };
		EFF0CD481B63B7D4005FB18C /* demoSelector.xib */ = {isa = PBXFileReference; fileEncoding = 4; lastKnownFileType = file.xib; path = demoSelector.xib; sourceTree = "<group>"; };
/* End PBXFileReference section */

/* Begin PBXFrameworksBuildPhase section */
		EF5999CF1B634FA1004C9DEF /* Frameworks */ = {
			isa = PBXFrameworksBuildPhase;
			buildActionMask = 2147483647;
			files = (
			);
			runOnlyForDeploymentPostprocessing = 0;
		};
/* End PBXFrameworksBuildPhase section */

/* Begin PBXGroup section */
		EF5999C91B634FA1004C9DEF = {
			isa = PBXGroup;
			children = (
				EF5999D41B634FA1004C9DEF /* ObjectiveC */,
				EF5999D31B634FA1004C9DEF /* Products */,
			);
			sourceTree = "<group>";
		};
		EF5999D31B634FA1004C9DEF /* Products */ = {
			isa = PBXGroup;
			children = (
				EF5999D21B634FA1004C9DEF /* ObjectiveC.app */,
			);
			name = Products;
			sourceTree = "<group>";
		};
		EF5999D41B634FA1004C9DEF /* ObjectiveC */ = {
			isa = PBXGroup;
			children = (
				EF5999FB1B634FCE004C9DEF /* Core */,
				EF599A7B1B6360DC004C9DEF /* Basic */,
				EF5999E21B634FA1004C9DEF /* Images.xcassets */,
				EF5999E41B634FA1004C9DEF /* LaunchScreen.xib */,
				EF5999D51B634FA1004C9DEF /* Supporting Files */,
			);
			path = ObjectiveC;
			sourceTree = "<group>";
		};
		EF5999D51B634FA1004C9DEF /* Supporting Files */ = {
			isa = PBXGroup;
			children = (
				EF5999D61B634FA1004C9DEF /* Info.plist */,
				EF5999D71B634FA1004C9DEF /* main.m */,
			);
			name = "Supporting Files";
			sourceTree = "<group>";
		};
		EF5999FB1B634FCE004C9DEF /* Core */ = {
			isa = PBXGroup;
			children = (
				EF5999FE1B635009004C9DEF /* AppDelegate.h */,
				EF5999FF1B635009004C9DEF /* AppDelegate.m */,
				EF599A001B635009004C9DEF /* BootLogic.h */,
				EF599A011B635009004C9DEF /* BootLogic.m */,
				EF599A021B635009004C9DEF /* ConsoleScreen.h */,
				EF599A031B635009004C9DEF /* ConsoleScreen.m */,
				EF599A041B635009004C9DEF /* MainScreen.h */,
				EF599A051B635009004C9DEF /* MainScreen.m */,
			);
			name = Core;
			sourceTree = "<group>";
		};
		EF599A7B1B6360DC004C9DEF /* Basic */ = {
			isa = PBXGroup;
			children = (
				EF599A7F1B636245004C9DEF /* BasicA.h */,
				EF599A801B636245004C9DEF /* BasicA.m */,
				EFF0CD461B63B7D4005FB18C /* demoSelector.h */,
				EFF0CD471B63B7D4005FB18C /* demoSelector.m */,
				EFF0CD481B63B7D4005FB18C /* demoSelector.xib */,
			);
			name = Basic;
			sourceTree = "<group>";
		};
/* End PBXGroup section */

/* Begin PBXNativeTarget section */
		EF5999D11B634FA1004C9DEF /* ObjectiveC */ = {
			isa = PBXNativeTarget;
			buildConfigurationList = EF5999F51B634FA1004C9DEF /* Build configuration list for PBXNativeTarget "ObjectiveC" */;
			buildPhases = (
				EF5999CE1B634FA1004C9DEF /* Sources */,
				EF5999CF1B634FA1004C9DEF /* Frameworks */,
				EF5999D01B634FA1004C9DEF /* Resources */,
			);
			buildRules = (
			);
			dependencies = (
			);
			name = ObjectiveC;
			productName = ObjectiveC;
			productReference = EF5999D21B634FA1004C9DEF /* ObjectiveC.app */;
			productType = "com.apple.product-type.application";
		};
/* End PBXNativeTarget section */

/* Begin PBXProject section */
		EF5999CA1B634FA1004C9DEF /* Project object */ = {
			isa = PBXProject;
			attributes = {
				LastUpgradeCheck = 0640;
				ORGANIZATIONNAME = "Văn Tiến Tú";
				TargetAttributes = {
					EF5999D11B634FA1004C9DEF = {
						CreatedOnToolsVersion = 6.4;
					};
				};
			};
			buildConfigurationList = EF5999CD1B634FA1004C9DEF /* Build configuration list for PBXProject "ObjectiveC" */;
			compatibilityVersion = "Xcode 3.2";
			developmentRegion = English;
			hasScannedForEncodings = 0;
			knownRegions = (
				en,
				Base,
			);
			mainGroup = EF5999C91B634FA1004C9DEF;
			productRefGroup = EF5999D31B634FA1004C9DEF /* Products */;
			projectDirPath = "";
			projectRoot = "";
			targets = (
				EF5999D11B634FA1004C9DEF /* ObjectiveC */,
			);
		};
/* End PBXProject section */

/* Begin PBXResourcesBuildPhase section */
		EF5999D01B634FA1004C9DEF /* Resources */ = {
			isa = PBXResourcesBuildPhase;
			buildActionMask = 2147483647;
			files = (
				EF5999E61B634FA1004C9DEF /* LaunchScreen.xib in Resources */,
				EF5999E31B634FA1004C9DEF /* Images.xcassets in Resources */,
				EFF0CD4A1B63B7D4005FB18C /* demoSelector.xib in Resources */,
			);
			runOnlyForDeploymentPostprocessing = 0;
		};
/* End PBXResourcesBuildPhase section */

/* Begin PBXSourcesBuildPhase section */
		EF5999CE1B634FA1004C9DEF /* Sources */ = {
			isa = PBXSourcesBuildPhase;
			buildActionMask = 2147483647;
			files = (
				EF599A811B636245004C9DEF /* BasicA.m in Sources */,
				EF599A071B635009004C9DEF /* BootLogic.m in Sources */,
				EF599A091B635009004C9DEF /* MainScreen.m in Sources */,
				EF599A081B635009004C9DEF /* ConsoleScreen.m in Sources */,
				EF599A061B635009004C9DEF /* AppDelegate.m in Sources */,
				EF5999D81B634FA1004C9DEF /* main.m in Sources */,
				EFF0CD491B63B7D4005FB18C /* demoSelector.m in Sources */,
			);
			runOnlyForDeploymentPostprocessing = 0;
		};
/* End PBXSourcesBuildPhase section */

/* Begin PBXVariantGroup section */
		EF5999E41B634FA1004C9DEF /* LaunchScreen.xib */ = {
			isa = PBXVariantGroup;
			children = (
				EF5999E51B634FA1004C9DEF /* Base */,
			);
			name = LaunchScreen.xib;
			sourceTree = "<group>";
		};
/* End PBXVariantGroup section */

/* Begin XCBuildConfiguration section */
		EF5999F31B634FA1004C9DEF /* Debug */ = {
			isa = XCBuildConfiguration;
			buildSettings = {
				ALWAYS_SEARCH_USER_PATHS = NO;
				CLANG_CXX_LANGUAGE_STANDARD = "gnu++0x";
				CLANG_CXX_LIBRARY = "libc++";
				CLANG_ENABLE_MODULES = YES;
				CLANG_ENABLE_OBJC_ARC = YES;
				CLANG_WARN_BOOL_CONVERSION = YES;
				CLANG_WARN_CONSTANT_CONVERSION = YES;
				CLANG_WARN_DIRECT_OBJC_ISA_USAGE = YES_ERROR;
				CLANG_WARN_EMPTY_BODY = YES;
				CLANG_WARN_ENUM_CONVERSION = YES;
				CLANG_WARN_INT_CONVERSION = YES;
				CLANG_WARN_OBJC_ROOT_CLASS = YES_ERROR;
				CLANG_WARN_UNREACHABLE_CODE = YES;
				CLANG_WARN__DUPLICATE_METHOD_MATCH = YES;
				"CODE_SIGN_IDENTITY[sdk=iphoneos*]" = "iPhone Developer";
				COPY_PHASE_STRIP = NO;
				DEBUG_INFORMATION_FORMAT = "dwarf-with-dsym";
				ENABLE_STRICT_OBJC_MSGSEND = YES;
				GCC_C_LANGUAGE_STANDARD = gnu99;
				GCC_DYNAMIC_NO_PIC = NO;
				GCC_NO_COMMON_BLOCKS = YES;
				GCC_OPTIMIZATION_LEVEL = 0;
				GCC_PREPROCESSOR_DEFINITIONS = (
					"DEBUG=1",
					"$(inherited)",
				);
				GCC_SYMBOLS_PRIVATE_EXTERN = NO;
				GCC_WARN_64_TO_32_BIT_CONVERSION = YES;
				GCC_WARN_ABOUT_RETURN_TYPE = YES_ERROR;
				GCC_WARN_UNDECLARED_SELECTOR = YES;
				GCC_WARN_UNINITIALIZED_AUTOS = YES_AGGRESSIVE;
				GCC_WARN_UNUSED_FUNCTION = YES;
				GCC_WARN_UNUSED_VARIABLE = YES;
				IPHONEOS_DEPLOYMENT_TARGET = 8.4;
				MTL_ENABLE_DEBUG_INFO = YES;
				ONLY_ACTIVE_ARCH = YES;
				SDKROOT = iphoneos;
			};
			name = Debug;
		};
		EF5999F41B634FA1004C9DEF /* Release */ = {
			isa = XCBuildConfiguration;
			buildSettings = {
				ALWAYS_SEARCH_USER_PATHS = NO;
				CLANG_CXX_LANGUAGE_STANDARD = "gnu++0x";
				CLANG_CXX_LIBRARY = "libc++";
				CLANG_ENABLE_MODULES = YES;
				CLANG_ENABLE_OBJC_ARC = YES;
				CLANG_WARN_BOOL_CONVERSION = YES;
				CLANG_WARN_CONSTANT_CONVERSION = YES;
				CLANG_WARN_DIRECT_OBJC_ISA_USAGE = YES_ERROR;
				CLANG_WARN_EMPTY_BODY = YES;
				CLANG_WARN_ENUM_CONVERSION = YES;
				CLANG_WARN_INT_CONVERSION = YES;
				CLANG_WARN_OBJC_ROOT_CLASS = YES_ERROR;
				CLANG_WARN_UNREACHABLE_CODE = YES;
				CLANG_WARN__DUPLICATE_METHOD_MATCH = YES;
				"CODE_SIGN_IDENTITY[sdk=iphoneos*]" = "iPhone Developer";
				COPY_PHASE_STRIP = NO;
				DEBUG_INFORMATION_FORMAT = "dwarf-with-dsym";
				ENABLE_NS_ASSERTIONS = NO;
				ENABLE_STRICT_OBJC_MSGSEND = YES;
				GCC_C_LANGUAGE_STANDARD = gnu99;
				GCC_NO_COMMON_BLOCKS = YES;
				GCC_WARN_64_TO_32_BIT_CONVERSION = YES;
				GCC_WARN_ABOUT_RETURN_TYPE = YES_ERROR;
				GCC_WARN_UNDECLARED_SELECTOR = YES;
				GCC_WARN_UNINITIALIZED_AUTOS = YES_AGGRESSIVE;
				GCC_WARN_UNUSED_FUNCTION = YES;
				GCC_WARN_UNUSED_VARIABLE = YES;
				IPHONEOS_DEPLOYMENT_TARGET = 8.4;
				MTL_ENABLE_DEBUG_INFO = NO;
				SDKROOT = iphoneos;
				VALIDATE_PRODUCT = YES;
			};
			name = Release;
		};
		EF5999F61B634FA1004C9DEF /* Debug */ = {
			isa = XCBuildConfiguration;
			buildSettings = {
				ASSETCATALOG_COMPILER_APPICON_NAME = AppIcon;
				CODE_SIGN_IDENTITY = "iPhone Developer";
				INFOPLIST_FILE = ObjectiveC/Info.plist;
				LD_RUNPATH_SEARCH_PATHS = "$(inherited) @executable_path/Frameworks";
				PRODUCT_NAME = "$(TARGET_NAME)";
			};
			name = Debug;
		};
		EF5999F71B634FA1004C9DEF /* Release */ = {
			isa = XCBuildConfiguration;
			buildSettings = {
				ASSETCATALOG_COMPILER_APPICON_NAME = AppIcon;
				CODE_SIGN_IDENTITY = "iPhone Developer";
				INFOPLIST_FILE = ObjectiveC/Info.plist;
				LD_RUNPATH_SEARCH_PATHS = "$(inherited) @executable_path/Frameworks";
				PRODUCT_NAME = "$(TARGET_NAME)";
			};
			name = Release;
		};
/* End XCBuildConfiguration section */

/* Begin XCConfigurationList section */
		EF5999CD1B634FA1004C9DEF /* Build configuration list for PBXProject "ObjectiveC" */ = {
			isa = XCConfigurationList;
			buildConfigurations = (
				EF5999F31B634FA1004C9DEF /* Debug */,
				EF5999F41B634FA1004C9DEF /* Release */,
			);
			defaultConfigurationIsVisible = 0;
			defaultConfigurationName = Release;
		};
		EF5999F51B634FA1004C9DEF /* Build configuration list for PBXNativeTarget "ObjectiveC" */ = {
			isa = XCConfigurationList;
			buildConfigurations = (
				EF5999F61B634FA1004C9DEF /* Debug */,
				EF5999F71B634FA1004C9DEF /* Release */,
			);
			defaultConfigurationIsVisible = 0;
			defaultConfigurationName = Release;
		};
/* End XCConfigurationList section */
	};
	rootObject = EF5999CA1B634FA1004C9DEF /* Project object */;
}
